
Microsoft Visual Studio Solution File, Format Version 12.00
# Visual Studio Version 17
VisualStudioVersion = 17.0.31903.59
MinimumVisualStudioVersion = 10.0.40219.1
Project("{FAE04EC0-301F-11D3-BF4B-00C04F79EFBC}") = "KlaseIObjekti3", "KlaseIObjekti3.csproj", "{2858A9AF-54DC-4FAF-9BCE-536103D5EF96}"
EndProject
Global
	GlobalSection(SolutionConfigurationPlatforms) = preSolution
		Debug|Any CPU = Debug|Any CPU
		Release|Any CPU = Release|Any CPU
	EndGlobalSection
	GlobalSection(ProjectConfigurationPlatforms) = postSolution
		{2858A9AF-54DC-4FAF-9BCE-536103D5EF96}.Debug|Any CPU.ActiveCfg = Debug|Any CPU
		{2858A9AF-54DC-4FAF-9BCE-536103D5EF96}.Debug|Any CPU.Build.0 = Debug|Any CPU
		{2858A9AF-54DC-4FAF-9BCE-536103D5EF96}.Release|Any CPU.ActiveCfg = Release|Any CPU
		{2858A9AF-54DC-4FAF-9BCE-536103D5EF96}.Release|Any CPU.Build.0 = Release|Any CPU
	EndGlobalSection
	GlobalSection(SolutionProperties) = preSolution
		HideSolutionNode = FALSE
	EndGlobalSection
	GlobalSection(ExtensibilityGlobals) = postSolution
		SolutionGuid = {08050E64-D7CE-47C7-B472-291F7ACA3872}
	EndGlobalSection
EndGlobal
